
Microsoft Visual Studio Solution File, Format Version 12.00
# Visual Studio Version 17
VisualStudioVersion = 17.2.32616.157
MinimumVisualStudioVersion = 10.0.40219.1
Project("{8BC9CEB8-8B4A-11D0-8D11-00A0C91BC942}") = "SDL_Project_VC", "SDL_Project_VC.vcxproj", "{880C67FD-9643-487D-872B-A3929DFF1FAB}"
EndProject
Global
	GlobalSection(SolutionConfigurationPlatforms) = preSolution
		Debug|x64 = Debug|x64
		Debug|x86 = Debug|x86
		Release|x64 = Release|x64
		Release|x86 = Release|x86
	EndGlobalSection
	GlobalSection(ProjectConfigurationPlatforms) = postSolution
		{880C67FD-9643-487D-872B-A3929DFF1FAB}.Debug|x64.ActiveCfg = Debug|x64
		{880C67FD-9643-487D-872B-A3929DFF1FAB}.Debug|x64.Build.0 = Debug|x64
		{880C67FD-9643-487D-872B-A3929DFF1FAB}.Debug|x86.ActiveCfg = Debug|Win32
		{880C67FD-9643-487D-872B-A3929DFF1FAB}.Debug|x86.Build.0 = Debug|Win32
		{880C67FD-9643-487D-872B-A3929DFF1FAB}.Release|x64.ActiveCfg = Release|x64
		{880C67FD-9643-487D-872B-A3929DFF1FAB}.Release|x64.Build.0 = Release|x64
		{880C67FD-9643-487D-872B-A3929DFF1FAB}.Release|x86.ActiveCfg = Release|Win32
		{880C67FD-9643-487D-872B-A3929DFF1FAB}.Release|x86.Build.0 = Release|Win32
	EndGlobalSection
	GlobalSection(SolutionProperties) = preSolution
		HideSolutionNode = FALSE
	EndGlobalSection
	GlobalSection(ExtensibilityGlobals) = postSolution
		SolutionGuid = {51180030-A2A7-4F26-9019-CEE69FA15222}
	EndGlobalSection
EndGlobal
